
Microsoft Visual Studio Solution File, Format Version 12.00
# Visual Studio Version 16
VisualStudioVersion = 16.0.31515.178
MinimumVisualStudioVersion = 10.0.40219.1
Project("{8BC9CEB8-8B4A-11D0-8D11-00A0C91BC942}") = "topic1", "itt310-projects.vcxproj", "{22BF49AD-B163-42FF-A95A-14DADB464BFA}"
EndProject
Project("{8BC9CEB8-8B4A-11D0-8D11-00A0C91BC942}") = "Test2", "..\Test2\Test2.vcxproj", "{DB7774B8-5413-4360-98AF-FEB4E3DB7D55}"
EndProject
Project("{8BC9CEB8-8B4A-11D0-8D11-00A0C91BC942}") = "topic2", "..\Topic2\Topic2.vcxproj", "{780C94A7-F14A-409A-BB68-402FDE52D69A}"
EndProject
Project("{8BC9CEB8-8B4A-11D0-8D11-00A0C91BC942}") = "Test3", "Test3\Test3.vcxproj", "{D376325D-79FE-4E5A-B3C7-372CC8DF0AB8}"
EndProject
Project("{8BC9CEB8-8B4A-11D0-8D11-00A0C91BC942}") = "topic3", "..\topic3\topic3.vcxproj", "{1AD99241-E1DC-4E04-B869-E1FE688B6050}"
EndProject
Project("{8BC9CEB8-8B4A-11D0-8D11-00A0C91BC942}") = "Test4", "Test4\Test4.vcxproj", "{8B366B17-0143-4977-B1C6-529B4D614D3A}"
EndProject
Project("{8BC9CEB8-8B4A-11D0-8D11-00A0C91BC942}") = "topic4", "topic4\topic4.vcxproj", "{C760E93E-D393-4B32-B9DC-36DBF0BDBA2C}"
EndProject
Project("{8BC9CEB8-8B4A-11D0-8D11-00A0C91BC942}") = "The Arizona Trail", "The Arizona Trail\The Arizona Trail.vcxproj", "{381D5EED-AB9F-4A69-8363-1B5AD73140F2}"
EndProject
Project("{8BC9CEB8-8B4A-11D0-8D11-00A0C91BC942}") = "Test5", "..\Test5\Test5.vcxproj", "{A419D48F-C44E-4BE8-9B5B-23FFFA0D105D}"
EndProject
Project("{8BC9CEB8-8B4A-11D0-8D11-00A0C91BC942}") = "topic5a", "topic5a\topic5a.vcxproj", "{051BFC24-792B-4E0A-BDA7-7225C7243748}"
EndProject
Project("{8BC9CEB8-8B4A-11D0-8D11-00A0C91BC942}") = "topic5b", "..\topic5b\topic5b.vcxproj", "{43A9F52A-55F1-4B4F-84CE-4C9C3A03BDF1}"
EndProject
Global
	GlobalSection(SolutionConfigurationPlatforms) = preSolution
		Debug|x64 = Debug|x64
		Debug|x86 = Debug|x86
		Release|x64 = Release|x64
		Release|x86 = Release|x86
	EndGlobalSection
	GlobalSection(ProjectConfigurationPlatforms) = postSolution
		{22BF49AD-B163-42FF-A95A-14DADB464BFA}.Debug|x64.ActiveCfg = Debug|x64
		{22BF49AD-B163-42FF-A95A-14DADB464BFA}.Debug|x64.Build.0 = Debug|x64
		{22BF49AD-B163-42FF-A95A-14DADB464BFA}.Debug|x86.ActiveCfg = Debug|Win32
		{22BF49AD-B163-42FF-A95A-14DADB464BFA}.Debug|x86.Build.0 = Debug|Win32
		{22BF49AD-B163-42FF-A95A-14DADB464BFA}.Release|x64.ActiveCfg = Release|x64
		{22BF49AD-B163-42FF-A95A-14DADB464BFA}.Release|x64.Build.0 = Release|x64
		{22BF49AD-B163-42FF-A95A-14DADB464BFA}.Release|x86.ActiveCfg = Release|Win32
		{22BF49AD-B163-42FF-A95A-14DADB464BFA}.Release|x86.Build.0 = Release|Win32
		{DB7774B8-5413-4360-98AF-FEB4E3DB7D55}.Debug|x64.ActiveCfg = Debug|x64
		{DB7774B8-5413-4360-98AF-FEB4E3DB7D55}.Debug|x64.Build.0 = Debug|x64
		{DB7774B8-5413-4360-98AF-FEB4E3DB7D55}.Debug|x86.ActiveCfg = Debug|Win32
		{DB7774B8-5413-4360-98AF-FEB4E3DB7D55}.Debug|x86.Build.0 = Debug|Win32
		{DB7774B8-5413-4360-98AF-FEB4E3DB7D55}.Release|x64.ActiveCfg = Release|x64
		{DB7774B8-5413-4360-98AF-FEB4E3DB7D55}.Release|x64.Build.0 = Release|x64
		{DB7774B8-5413-4360-98AF-FEB4E3DB7D55}.Release|x86.ActiveCfg = Release|Win32
		{DB7774B8-5413-4360-98AF-FEB4E3DB7D55}.Release|x86.Build.0 = Release|Win32
		{780C94A7-F14A-409A-BB68-402FDE52D69A}.Debug|x64.ActiveCfg = Debug|x64
		{780C94A7-F14A-409A-BB68-402FDE52D69A}.Debug|x64.Build.0 = Debug|x64
		{780C94A7-F14A-409A-BB68-402FDE52D69A}.Debug|x86.ActiveCfg = Debug|Win32
		{780C94A7-F14A-409A-BB68-402FDE52D69A}.Debug|x86.Build.0 = Debug|Win32
		{780C94A7-F14A-409A-BB68-402FDE52D69A}.Release|x64.ActiveCfg = Release|x64
		{780C94A7-F14A-409A-BB68-402FDE52D69A}.Release|x64.Build.0 = Release|x64
		{780C94A7-F14A-409A-BB68-402FDE52D69A}.Release|x86.ActiveCfg = Release|Win32
		{780C94A7-F14A-409A-BB68-402FDE52D69A}.Release|x86.Build.0 = Release|Win32
		{D376325D-79FE-4E5A-B3C7-372CC8DF0AB8}.Debug|x64.ActiveCfg = Debug|x64
		{D376325D-79FE-4E5A-B3C7-372CC8DF0AB8}.Debug|x64.Build.0 = Debug|x64
		{D376325D-79FE-4E5A-B3C7-372CC8DF0AB8}.Debug|x86.ActiveCfg = Debug|Win32
		{D376325D-79FE-4E5A-B3C7-372CC8DF0AB8}.Debug|x86.Build.0 = Debug|Win32
		{D376325D-79FE-4E5A-B3C7-372CC8DF0AB8}.Release|x64.ActiveCfg = Release|x64
		{D376325D-79FE-4E5A-B3C7-372CC8DF0AB8}.Release|x64.Build.0 = Release|x64
		{D376325D-79FE-4E5A-B3C7-372CC8DF0AB8}.Release|x86.ActiveCfg = Release|Win32
		{D376325D-79FE-4E5A-B3C7-372CC8DF0AB8}.Release|x86.Build.0 = Release|Win32
		{1AD99241-E1DC-4E04-B869-E1FE688B6050}.Debug|x64.ActiveCfg = Debug|x64
		{1AD99241-E1DC-4E04-B869-E1FE688B6050}.Debug|x64.Build.0 = Debug|x64
		{1AD99241-E1DC-4E04-B869-E1FE688B6050}.Debug|x86.ActiveCfg = Debug|Win32
		{1AD99241-E1DC-4E04-B869-E1FE688B6050}.Debug|x86.Build.0 = Debug|Win32
		{1AD99241-E1DC-4E04-B869-E1FE688B6050}.Release|x64.ActiveCfg = Release|x64
		{1AD99241-E1DC-4E04-B869-E1FE688B6050}.Release|x64.Build.0 = Release|x64
		{1AD99241-E1DC-4E04-B869-E1FE688B6050}.Release|x86.ActiveCfg = Release|Win32
		{1AD99241-E1DC-4E04-B869-E1FE688B6050}.Release|x86.Build.0 = Release|Win32
		{8B366B17-0143-4977-B1C6-529B4D614D3A}.Debug|x64.ActiveCfg = Debug|x64
		{8B366B17-0143-4977-B1C6-529B4D614D3A}.Debug|x64.Build.0 = Debug|x64
		{8B366B17-0143-4977-B1C6-529B4D614D3A}.Debug|x86.ActiveCfg = Debug|Win32
		{8B366B17-0143-4977-B1C6-529B4D614D3A}.Debug|x86.Build.0 = Debug|Win32
		{8B366B17-0143-4977-B1C6-529B4D614D3A}.Release|x64.ActiveCfg = Release|x64
		{8B366B17-0143-4977-B1C6-529B4D614D3A}.Release|x64.Build.0 = Release|x64
		{8B366B17-0143-4977-B1C6-529B4D614D3A}.Release|x86.ActiveCfg = Release|Win32
		{8B366B17-0143-4977-B1C6-529B4D614D3A}.Release|x86.Build.0 = Release|Win32
		{C760E93E-D393-4B32-B9DC-36DBF0BDBA2C}.Debug|x64.ActiveCfg = Debug|x64
		{C760E93E-D393-4B32-B9DC-36DBF0BDBA2C}.Debug|x64.Build.0 = Debug|x64
		{C760E93E-D393-4B32-B9DC-36DBF0BDBA2C}.Debug|x86.ActiveCfg = Debug|Win32
		{C760E93E-D393-4B32-B9DC-36DBF0BDBA2C}.Debug|x86.Build.0 = Debug|Win32
		{C760E93E-D393-4B32-B9DC-36DBF0BDBA2C}.Release|x64.ActiveCfg = Release|x64
		{C760E93E-D393-4B32-B9DC-36DBF0BDBA2C}.Release|x64.Build.0 = Release|x64
		{C760E93E-D393-4B32-B9DC-36DBF0BDBA2C}.Release|x86.ActiveCfg = Release|Win32
		{C760E93E-D393-4B32-B9DC-36DBF0BDBA2C}.Release|x86.Build.0 = Release|Win32
		{381D5EED-AB9F-4A69-8363-1B5AD73140F2}.Debug|x64.ActiveCfg = Debug|x64
		{381D5EED-AB9F-4A69-8363-1B5AD73140F2}.Debug|x64.Build.0 = Debug|x64
		{381D5EED-AB9F-4A69-8363-1B5AD73140F2}.Debug|x86.ActiveCfg = Debug|Win32
		{381D5EED-AB9F-4A69-8363-1B5AD73140F2}.Debug|x86.Build.0 = Debug|Win32
		{381D5EED-AB9F-4A69-8363-1B5AD73140F2}.Release|x64.ActiveCfg = Release|x64
		{381D5EED-AB9F-4A69-8363-1B5AD73140F2}.Release|x64.Build.0 = Release|x64
		{381D5EED-AB9F-4A69-8363-1B5AD73140F2}.Release|x86.ActiveCfg = Release|Win32
		{381D5EED-AB9F-4A69-8363-1B5AD73140F2}.Release|x86.Build.0 = Release|Win32
		{A419D48F-C44E-4BE8-9B5B-23FFFA0D105D}.Debug|x64.ActiveCfg = Debug|x64
		{A419D48F-C44E-4BE8-9B5B-23FFFA0D105D}.Debug|x64.Build.0 = Debug|x64
		{A419D48F-C44E-4BE8-9B5B-23FFFA0D105D}.Debug|x86.ActiveCfg = Debug|Win32
		{A419D48F-C44E-4BE8-9B5B-23FFFA0D105D}.Debug|x86.Build.0 = Debug|Win32
		{A419D48F-C44E-4BE8-9B5B-23FFFA0D105D}.Release|x64.ActiveCfg = Release|x64
		{A419D48F-C44E-4BE8-9B5B-23FFFA0D105D}.Release|x64.Build.0 = Release|x64
		{A419D48F-C44E-4BE8-9B5B-23FFFA0D105D}.Release|x86.ActiveCfg = Release|Win32
		{A419D48F-C44E-4BE8-9B5B-23FFFA0D105D}.Release|x86.Build.0 = Release|Win32
		{051BFC24-792B-4E0A-BDA7-7225C7243748}.Debug|x64.ActiveCfg = Debug|x64
		{051BFC24-792B-4E0A-BDA7-7225C7243748}.Debug|x64.Build.0 = Debug|x64
		{051BFC24-792B-4E0A-BDA7-7225C7243748}.Debug|x86.ActiveCfg = Debug|Win32
		{051BFC24-792B-4E0A-BDA7-7225C7243748}.Debug|x86.Build.0 = Debug|Win32
		{051BFC24-792B-4E0A-BDA7-7225C7243748}.Release|x64.ActiveCfg = Release|x64
		{051BFC24-792B-4E0A-BDA7-7225C7243748}.Release|x64.Build.0 = Release|x64
		{051BFC24-792B-4E0A-BDA7-7225C7243748}.Release|x86.ActiveCfg = Release|Win32
		{051BFC24-792B-4E0A-BDA7-7225C7243748}.Release|x86.Build.0 = Release|Win32
		{43A9F52A-55F1-4B4F-84CE-4C9C3A03BDF1}.Debug|x64.ActiveCfg = Debug|x64
		{43A9F52A-55F1-4B4F-84CE-4C9C3A03BDF1}.Debug|x64.Build.0 = Debug|x64
		{43A9F52A-55F1-4B4F-84CE-4C9C3A03BDF1}.Debug|x86.ActiveCfg = Debug|Win32
		{43A9F52A-55F1-4B4F-84CE-4C9C3A03BDF1}.Debug|x86.Build.0 = Debug|Win32
		{43A9F52A-55F1-4B4F-84CE-4C9C3A03BDF1}.Release|x64.ActiveCfg = Release|x64
		{43A9F52A-55F1-4B4F-84CE-4C9C3A03BDF1}.Release|x64.Build.0 = Release|x64
		{43A9F52A-55F1-4B4F-84CE-4C9C3A03BDF1}.Release|x86.ActiveCfg = Release|Win32
		{43A9F52A-55F1-4B4F-84CE-4C9C3A03BDF1}.Release|x86.Build.0 = Release|Win32
	EndGlobalSection
	GlobalSection(SolutionProperties) = preSolution
		HideSolutionNode = FALSE
	EndGlobalSection
	GlobalSection(ExtensibilityGlobals) = postSolution
		SolutionGuid = {C33C4617-0E98-4C8D-B7E8-484B0CB4196B}
	EndGlobalSection
EndGlobal
